
Microsoft Visual Studio Solution File, Format Version 12.00
# Visual Studio Version 16
VisualStudioVersion = 16.0.30804.86
MinimumVisualStudioVersion = 10.0.40219.1
Project("{9A19103F-16F7-4668-BE54-9A1E7A4F7556}") = "DbCtl.Connectors", "DbCtl.Connectors\DbCtl.Connectors.csproj", "{C44F50BF-6237-4010-A1B2-6758BD0D8DA0}"
EndProject
Project("{9A19103F-16F7-4668-BE54-9A1E7A4F7556}") = "DbCtl.Connectors.UnitTests", "DbCtl.Connectors.UnitTests\DbCtl.Connectors.UnitTests.csproj", "{ADB62B50-F270-47D3-AAB9-69305C16B889}"
EndProject
Project("{2150E333-8FDC-42A3-9474-1A3956D46DE8}") = "Solution Items", "Solution Items", "{38A27CE3-5071-4254-8F98-7E05C6AB3B28}"
	ProjectSection(SolutionItems) = preProject
		DbCtl.Connectors.nuspec = DbCtl.Connectors.nuspec
		..\README.md = ..\README.md
	EndProjectSection
EndProject
Global
	GlobalSection(SolutionConfigurationPlatforms) = preSolution
		Debug|Any CPU = Debug|Any CPU
		Release|Any CPU = Release|Any CPU
	EndGlobalSection
	GlobalSection(ProjectConfigurationPlatforms) = postSolution
		{C44F50BF-6237-4010-A1B2-6758BD0D8DA0}.Debug|Any CPU.ActiveCfg = Debug|Any CPU
		{C44F50BF-6237-4010-A1B2-6758BD0D8DA0}.Debug|Any CPU.Build.0 = Debug|Any CPU
		{C44F50BF-6237-4010-A1B2-6758BD0D8DA0}.Release|Any CPU.ActiveCfg = Release|Any CPU
		{C44F50BF-6237-4010-A1B2-6758BD0D8DA0}.Release|Any CPU.Build.0 = Release|Any CPU
		{ADB62B50-F270-47D3-AAB9-69305C16B889}.Debug|Any CPU.ActiveCfg = Debug|Any CPU
		{ADB62B50-F270-47D3-AAB9-69305C16B889}.Debug|Any CPU.Build.0 = Debug|Any CPU
		{ADB62B50-F270-47D3-AAB9-69305C16B889}.Release|Any CPU.ActiveCfg = Release|Any CPU
		{ADB62B50-F270-47D3-AAB9-69305C16B889}.Release|Any CPU.Build.0 = Release|Any CPU
	EndGlobalSection
	GlobalSection(SolutionProperties) = preSolution
		HideSolutionNode = FALSE
	EndGlobalSection
	GlobalSection(ExtensibilityGlobals) = postSolution
		SolutionGuid = {7A04F787-13DF-4479-8D00-D059FCB76649}
	EndGlobalSection
EndGlobal
